
Microsoft Visual Studio Solution File, Format Version 12.00
# Visual Studio Version 17
VisualStudioVersion = 17.0.31903.59
MinimumVisualStudioVersion = 10.0.40219.1
Project("{2150E333-8FDC-42A3-9474-1A3956D46DE8}") = "Shared", "Shared", "{4F52FD11-658E-A102-6CD3-7D7C16FFA15B}"
EndProject
Project("{FAE04EC0-301F-11D3-BF4B-00C04F79EFBC}") = "Helpdesk.Contracts", "Shared\Helpdesk.Contracts\Helpdesk.Contracts.csproj", "{A1338825-EF9B-4304-89BC-30CF4B0F7C03}"
EndProject
Project("{FAE04EC0-301F-11D3-BF4B-00C04F79EFBC}") = "Helpdesk.Mapping", "Shared\Helpdesk.Mapping\Helpdesk.Mapping.csproj", "{965BDAEC-F1E6-4D16-AF43-61EEE5FB6BD4}"
EndProject
Project("{FAE04EC0-301F-11D3-BF4B-00C04F79EFBC}") = "Helpdesk.Messaging", "Shared\Helpdesk.Messaging\Helpdesk.Messaging.csproj", "{8B8DBB11-EB2A-4A0A-A498-781E541D7893}"
EndProject
Project("{FAE04EC0-301F-11D3-BF4B-00C04F79EFBC}") = "Helpdesk.Persistence", "Shared\Helpdesk.Persistence\Helpdesk.Persistence.csproj", "{2818262C-2539-45E9-91A4-D6ADDA574C14}"
EndProject
Project("{FAE04EC0-301F-11D3-BF4B-00C04F79EFBC}") = "Helpdesk.ServiceDefaults", "Shared\Helpdesk.ServiceDefaults\Helpdesk.ServiceDefaults.csproj", "{393B1C5A-3220-414D-9DDB-7A304240C82F}"
EndProject
Project("{FAE04EC0-301F-11D3-BF4B-00C04F79EFBC}") = "TenantTheming", "Shared\TenantTheming\TenantTheming.csproj", "{BA845D06-70E6-4DF7-B72E-EFC2A61B200D}"
EndProject
Project("{2150E333-8FDC-42A3-9474-1A3956D46DE8}") = "Gateway", "Gateway", "{E7BDDBC6-9FD1-D1D7-ACD8-2C4F8E3D2461}"
EndProject
Project("{FAE04EC0-301F-11D3-BF4B-00C04F79EFBC}") = "Helpdesk.Gateway.DTO", "Gateway\Helpdesk.Gateway.DTO\Helpdesk.Gateway.DTO.csproj", "{31399905-32BE-410A-A35C-8CD528CDE624}"
EndProject
Project("{FAE04EC0-301F-11D3-BF4B-00C04F79EFBC}") = "Helpdesk.Gateway.Interfacing", "Gateway\Helpdesk.Gateway.Interfacing\Helpdesk.Gateway.Interfacing.csproj", "{8F6E72F3-6E54-440E-B283-05B7F81B11F0}"
EndProject
Project("{FAE04EC0-301F-11D3-BF4B-00C04F79EFBC}") = "Helpdesk.Gateway.API", "Gateway\Helpdesk.Gateway.API\Helpdesk.Gateway.API.csproj", "{551FD8BD-D97A-4900-AE4A-5FE7A900E27B}"
EndProject
Project("{2150E333-8FDC-42A3-9474-1A3956D46DE8}") = "Backends", "Backends", "{81267934-4FE5-6C83-B806-5B06E723B05C}"
EndProject
Project("{FAE04EC0-301F-11D3-BF4B-00C04F79EFBC}") = "Asset.Domain", "Backends\Asset.Domain\Asset.Domain.csproj", "{B8A6C436-5FE0-45BF-813C-1C8EC8739921}"
EndProject
Project("{FAE04EC0-301F-11D3-BF4B-00C04F79EFBC}") = "Asset.Infrastructure", "Backends\Asset.Infrastructure\Asset.Infrastructure.csproj", "{78D08BF4-E021-4631-89C3-8EA62FEB63CC}"
EndProject
Project("{FAE04EC0-301F-11D3-BF4B-00C04F79EFBC}") = "Asset.API", "Backends\Asset.API\Asset.API.csproj", "{9143C91E-FD33-4577-9C73-74FDDAED04E0}"
EndProject
Project("{FAE04EC0-301F-11D3-BF4B-00C04F79EFBC}") = "Assignment.Domain", "Backends\Assignment.Domain\Assignment.Domain.csproj", "{E9E9B9C2-0648-4E61-AEBB-F7A47BD07AEB}"
EndProject
Project("{FAE04EC0-301F-11D3-BF4B-00C04F79EFBC}") = "Assignment.Infrastructure", "Backends\Assignment.Infrastructure\Assignment.Infrastructure.csproj", "{C0D1C6B0-608D-4EAD-BD4A-8A28E79B9DB8}"
EndProject
Project("{FAE04EC0-301F-11D3-BF4B-00C04F79EFBC}") = "Assignment.API", "Backends\Assignment.API\Assignment.API.csproj", "{51D8D60D-AE5C-47B9-BC87-3F74A526E3A5}"
EndProject
Project("{FAE04EC0-301F-11D3-BF4B-00C04F79EFBC}") = "Client.Domain", "Backends\Client.Domain\Client.Domain.csproj", "{1AA7C4B4-5B93-476E-A239-55E725AD1C36}"
EndProject
Project("{FAE04EC0-301F-11D3-BF4B-00C04F79EFBC}") = "Client.Infrastructure", "Backends\Client.Infrastructure\Client.Infrastructure.csproj", "{B3E1AFDB-D682-4FEA-8D37-B814CC8D3D66}"
EndProject
Project("{FAE04EC0-301F-11D3-BF4B-00C04F79EFBC}") = "Client.API", "Backends\Client.API\Client.API.csproj", "{83AA9FC0-6046-40E2-BDD7-5A5927894CA6}"
EndProject
Project("{FAE04EC0-301F-11D3-BF4B-00C04F79EFBC}") = "SLA.Domain", "Backends\SLA.Domain\SLA.Domain.csproj", "{4D47BFA4-5FFA-4398-A0F2-B61ADC8756BC}"
EndProject
Project("{FAE04EC0-301F-11D3-BF4B-00C04F79EFBC}") = "SLA.Infrastructure", "Backends\SLA.Infrastructure\SLA.Infrastructure.csproj", "{5A0DFAB9-44B6-47A3-8F82-E62C270571B7}"
EndProject
Project("{FAE04EC0-301F-11D3-BF4B-00C04F79EFBC}") = "SLA.API", "Backends\SLA.API\SLA.API.csproj", "{94056122-1289-4058-8C79-0C226CA86D12}"
EndProject
Project("{FAE04EC0-301F-11D3-BF4B-00C04F79EFBC}") = "Ticket.Domain", "Backends\Ticket.Domain\Ticket.Domain.csproj", "{6C1A1F3A-4CB9-4350-A6B8-94D8E2353C4F}"
EndProject
Project("{FAE04EC0-301F-11D3-BF4B-00C04F79EFBC}") = "Ticket.Infrastructure", "Backends\Ticket.Infrastructure\Ticket.Infrastructure.csproj", "{B840ED43-1AF4-4FF4-9001-CD1C47204AF8}"
EndProject
Project("{FAE04EC0-301F-11D3-BF4B-00C04F79EFBC}") = "Ticket.API", "Backends\Ticket.API\Ticket.API.csproj", "{9C4CAE18-D083-4C50-81C6-A17873F8E746}"
EndProject
Project("{FAE04EC0-301F-11D3-BF4B-00C04F79EFBC}") = "User.Domain", "Backends\User.Domain\User.Domain.csproj", "{8ABF8F20-EC04-48AE-AB08-E1AA52F5EB93}"
EndProject
Project("{FAE04EC0-301F-11D3-BF4B-00C04F79EFBC}") = "User.Infrastructure", "Backends\User.Infrastructure\User.Infrastructure.csproj", "{86EE7CAC-97FE-45EE-BFE3-11621534CDEA}"
EndProject
Project("{FAE04EC0-301F-11D3-BF4B-00C04F79EFBC}") = "User.API", "Backends\User.API\User.API.csproj", "{6646E157-5035-4A20-9438-695338265444}"
EndProject
Project("{2150E333-8FDC-42A3-9474-1A3956D46DE8}") = "Frontends", "Frontends", "{085B1C63-F7BE-2037-DFB4-AC49B887C3CE}"
EndProject
Project("{FAE04EC0-301F-11D3-BF4B-00C04F79EFBC}") = "Helpdesk.Blazor", "Frontends\Helpdesk.Blazor\Helpdesk.Blazor.csproj", "{525E13C9-F3A5-4D0D-AC0D-6D8D3E53B5F3}"
EndProject
Project("{2150E333-8FDC-42A3-9474-1A3956D46DE8}") = "Testing", "Testing", "{78DDA25A-7C38-13C4-DE39-740FEE45D7B1}"
EndProject
Project("{FAE04EC0-301F-11D3-BF4B-00C04F79EFBC}") = "Helpdesk.Mock.Pipeline", "Testing\Helpdesk.Mock.Pipeline\Helpdesk.Mock.Pipeline.csproj", "{B3C61E16-A743-4F44-AD2B-E16133BE2279}"
EndProject
Project("{FAE04EC0-301F-11D3-BF4B-00C04F79EFBC}") = "Asset.Tests", "Testing\Asset.Tests\Asset.Tests.csproj", "{EDCB1B03-D877-4A0D-B552-0A1FEC441906}"
EndProject
Project("{FAE04EC0-301F-11D3-BF4B-00C04F79EFBC}") = "Assignment.Tests", "Testing\Assignment.Tests\Assignment.Tests.csproj", "{294EC03C-8F5D-4FD7-83AB-309AF967DEFD}"
EndProject
Project("{FAE04EC0-301F-11D3-BF4B-00C04F79EFBC}") = "SLA.Tests", "Testing\SLA.Tests\SLA.Tests.csproj", "{7748259D-01F4-44F1-BD39-E1088662F8EB}"
EndProject
Project("{FAE04EC0-301F-11D3-BF4B-00C04F79EFBC}") = "Helpdesk.AppHost", "AppHost\Helpdesk.AppHost.csproj", "{82802347-C130-49C9-AE46-03AD72C1F9DE}"
EndProject
Global
	GlobalSection(SolutionConfigurationPlatforms) = preSolution
		Debug|Any CPU = Debug|Any CPU
		Debug|x64 = Debug|x64
		Debug|x86 = Debug|x86
		Release|Any CPU = Release|Any CPU
		Release|x64 = Release|x64
		Release|x86 = Release|x86
	EndGlobalSection
	GlobalSection(ProjectConfigurationPlatforms) = postSolution
		{A1338825-EF9B-4304-89BC-30CF4B0F7C03}.Debug|Any CPU.ActiveCfg = Debug|Any CPU
		{A1338825-EF9B-4304-89BC-30CF4B0F7C03}.Debug|Any CPU.Build.0 = Debug|Any CPU
		{A1338825-EF9B-4304-89BC-30CF4B0F7C03}.Debug|x64.ActiveCfg = Debug|Any CPU
		{A1338825-EF9B-4304-89BC-30CF4B0F7C03}.Debug|x64.Build.0 = Debug|Any CPU
		{A1338825-EF9B-4304-89BC-30CF4B0F7C03}.Debug|x86.ActiveCfg = Debug|Any CPU
		{A1338825-EF9B-4304-89BC-30CF4B0F7C03}.Debug|x86.Build.0 = Debug|Any CPU
		{A1338825-EF9B-4304-89BC-30CF4B0F7C03}.Release|Any CPU.ActiveCfg = Release|Any CPU
		{A1338825-EF9B-4304-89BC-30CF4B0F7C03}.Release|Any CPU.Build.0 = Release|Any CPU
		{A1338825-EF9B-4304-89BC-30CF4B0F7C03}.Release|x64.ActiveCfg = Release|Any CPU
		{A1338825-EF9B-4304-89BC-30CF4B0F7C03}.Release|x64.Build.0 = Release|Any CPU
		{A1338825-EF9B-4304-89BC-30CF4B0F7C03}.Release|x86.ActiveCfg = Release|Any CPU
		{A1338825-EF9B-4304-89BC-30CF4B0F7C03}.Release|x86.Build.0 = Release|Any CPU
		{965BDAEC-F1E6-4D16-AF43-61EEE5FB6BD4}.Debug|Any CPU.ActiveCfg = Debug|Any CPU
		{965BDAEC-F1E6-4D16-AF43-61EEE5FB6BD4}.Debug|Any CPU.Build.0 = Debug|Any CPU
		{965BDAEC-F1E6-4D16-AF43-61EEE5FB6BD4}.Debug|x64.ActiveCfg = Debug|Any CPU
		{965BDAEC-F1E6-4D16-AF43-61EEE5FB6BD4}.Debug|x64.Build.0 = Debug|Any CPU
		{965BDAEC-F1E6-4D16-AF43-61EEE5FB6BD4}.Debug|x86.ActiveCfg = Debug|Any CPU
		{965BDAEC-F1E6-4D16-AF43-61EEE5FB6BD4}.Debug|x86.Build.0 = Debug|Any CPU
		{965BDAEC-F1E6-4D16-AF43-61EEE5FB6BD4}.Release|Any CPU.ActiveCfg = Release|Any CPU
		{965BDAEC-F1E6-4D16-AF43-61EEE5FB6BD4}.Release|Any CPU.Build.0 = Release|Any CPU
		{965BDAEC-F1E6-4D16-AF43-61EEE5FB6BD4}.Release|x64.ActiveCfg = Release|Any CPU
		{965BDAEC-F1E6-4D16-AF43-61EEE5FB6BD4}.Release|x64.Build.0 = Release|Any CPU
		{965BDAEC-F1E6-4D16-AF43-61EEE5FB6BD4}.Release|x86.ActiveCfg = Release|Any CPU
		{965BDAEC-F1E6-4D16-AF43-61EEE5FB6BD4}.Release|x86.Build.0 = Release|Any CPU
		{8B8DBB11-EB2A-4A0A-A498-781E541D7893}.Debug|Any CPU.ActiveCfg = Debug|Any CPU
		{8B8DBB11-EB2A-4A0A-A498-781E541D7893}.Debug|Any CPU.Build.0 = Debug|Any CPU
		{8B8DBB11-EB2A-4A0A-A498-781E541D7893}.Debug|x64.ActiveCfg = Debug|Any CPU
		{8B8DBB11-EB2A-4A0A-A498-781E541D7893}.Debug|x64.Build.0 = Debug|Any CPU
		{8B8DBB11-EB2A-4A0A-A498-781E541D7893}.Debug|x86.ActiveCfg = Debug|Any CPU
		{8B8DBB11-EB2A-4A0A-A498-781E541D7893}.Debug|x86.Build.0 = Debug|Any CPU
		{8B8DBB11-EB2A-4A0A-A498-781E541D7893}.Release|Any CPU.ActiveCfg = Release|Any CPU
		{8B8DBB11-EB2A-4A0A-A498-781E541D7893}.Release|Any CPU.Build.0 = Release|Any CPU
		{8B8DBB11-EB2A-4A0A-A498-781E541D7893}.Release|x64.ActiveCfg = Release|Any CPU
		{8B8DBB11-EB2A-4A0A-A498-781E541D7893}.Release|x64.Build.0 = Release|Any CPU
		{8B8DBB11-EB2A-4A0A-A498-781E541D7893}.Release|x86.ActiveCfg = Release|Any CPU
		{8B8DBB11-EB2A-4A0A-A498-781E541D7893}.Release|x86.Build.0 = Release|Any CPU
		{2818262C-2539-45E9-91A4-D6ADDA574C14}.Debug|Any CPU.ActiveCfg = Debug|Any CPU
		{2818262C-2539-45E9-91A4-D6ADDA574C14}.Debug|Any CPU.Build.0 = Debug|Any CPU
		{2818262C-2539-45E9-91A4-D6ADDA574C14}.Debug|x64.ActiveCfg = Debug|Any CPU
		{2818262C-2539-45E9-91A4-D6ADDA574C14}.Debug|x64.Build.0 = Debug|Any CPU
		{2818262C-2539-45E9-91A4-D6ADDA574C14}.Debug|x86.ActiveCfg = Debug|Any CPU
		{2818262C-2539-45E9-91A4-D6ADDA574C14}.Debug|x86.Build.0 = Debug|Any CPU
		{2818262C-2539-45E9-91A4-D6ADDA574C14}.Release|Any CPU.ActiveCfg = Release|Any CPU
		{2818262C-2539-45E9-91A4-D6ADDA574C14}.Release|Any CPU.Build.0 = Release|Any CPU
		{2818262C-2539-45E9-91A4-D6ADDA574C14}.Release|x64.ActiveCfg = Release|Any CPU
		{2818262C-2539-45E9-91A4-D6ADDA574C14}.Release|x64.Build.0 = Release|Any CPU
		{2818262C-2539-45E9-91A4-D6ADDA574C14}.Release|x86.ActiveCfg = Release|Any CPU
		{2818262C-2539-45E9-91A4-D6ADDA574C14}.Release|x86.Build.0 = Release|Any CPU
		{393B1C5A-3220-414D-9DDB-7A304240C82F}.Debug|Any CPU.ActiveCfg = Debug|Any CPU
		{393B1C5A-3220-414D-9DDB-7A304240C82F}.Debug|Any CPU.Build.0 = Debug|Any CPU
		{393B1C5A-3220-414D-9DDB-7A304240C82F}.Debug|x64.ActiveCfg = Debug|Any CPU
		{393B1C5A-3220-414D-9DDB-7A304240C82F}.Debug|x64.Build.0 = Debug|Any CPU
		{393B1C5A-3220-414D-9DDB-7A304240C82F}.Debug|x86.ActiveCfg = Debug|Any CPU
		{393B1C5A-3220-414D-9DDB-7A304240C82F}.Debug|x86.Build.0 = Debug|Any CPU
		{393B1C5A-3220-414D-9DDB-7A304240C82F}.Release|Any CPU.ActiveCfg = Release|Any CPU
		{393B1C5A-3220-414D-9DDB-7A304240C82F}.Release|Any CPU.Build.0 = Release|Any CPU
		{393B1C5A-3220-414D-9DDB-7A304240C82F}.Release|x64.ActiveCfg = Release|Any CPU
		{393B1C5A-3220-414D-9DDB-7A304240C82F}.Release|x64.Build.0 = Release|Any CPU
		{393B1C5A-3220-414D-9DDB-7A304240C82F}.Release|x86.ActiveCfg = Release|Any CPU
		{393B1C5A-3220-414D-9DDB-7A304240C82F}.Release|x86.Build.0 = Release|Any CPU
		{BA845D06-70E6-4DF7-B72E-EFC2A61B200D}.Debug|Any CPU.ActiveCfg = Debug|Any CPU
		{BA845D06-70E6-4DF7-B72E-EFC2A61B200D}.Debug|Any CPU.Build.0 = Debug|Any CPU
		{BA845D06-70E6-4DF7-B72E-EFC2A61B200D}.Debug|x64.ActiveCfg = Debug|Any CPU
		{BA845D06-70E6-4DF7-B72E-EFC2A61B200D}.Debug|x64.Build.0 = Debug|Any CPU
		{BA845D06-70E6-4DF7-B72E-EFC2A61B200D}.Debug|x86.ActiveCfg = Debug|Any CPU
		{BA845D06-70E6-4DF7-B72E-EFC2A61B200D}.Debug|x86.Build.0 = Debug|Any CPU
		{BA845D06-70E6-4DF7-B72E-EFC2A61B200D}.Release|Any CPU.ActiveCfg = Release|Any CPU
		{BA845D06-70E6-4DF7-B72E-EFC2A61B200D}.Release|Any CPU.Build.0 = Release|Any CPU
		{BA845D06-70E6-4DF7-B72E-EFC2A61B200D}.Release|x64.ActiveCfg = Release|Any CPU
		{BA845D06-70E6-4DF7-B72E-EFC2A61B200D}.Release|x64.Build.0 = Release|Any CPU
		{BA845D06-70E6-4DF7-B72E-EFC2A61B200D}.Release|x86.ActiveCfg = Release|Any CPU
		{BA845D06-70E6-4DF7-B72E-EFC2A61B200D}.Release|x86.Build.0 = Release|Any CPU
		{31399905-32BE-410A-A35C-8CD528CDE624}.Debug|Any CPU.ActiveCfg = Debug|Any CPU
		{31399905-32BE-410A-A35C-8CD528CDE624}.Debug|Any CPU.Build.0 = Debug|Any CPU
		{31399905-32BE-410A-A35C-8CD528CDE624}.Debug|x64.ActiveCfg = Debug|Any CPU
		{31399905-32BE-410A-A35C-8CD528CDE624}.Debug|x64.Build.0 = Debug|Any CPU
		{31399905-32BE-410A-A35C-8CD528CDE624}.Debug|x86.ActiveCfg = Debug|Any CPU
		{31399905-32BE-410A-A35C-8CD528CDE624}.Debug|x86.Build.0 = Debug|Any CPU
		{31399905-32BE-410A-A35C-8CD528CDE624}.Release|Any CPU.ActiveCfg = Release|Any CPU
		{31399905-32BE-410A-A35C-8CD528CDE624}.Release|Any CPU.Build.0 = Release|Any CPU
		{31399905-32BE-410A-A35C-8CD528CDE624}.Release|x64.ActiveCfg = Release|Any CPU
		{31399905-32BE-410A-A35C-8CD528CDE624}.Release|x64.Build.0 = Release|Any CPU
		{31399905-32BE-410A-A35C-8CD528CDE624}.Release|x86.ActiveCfg = Release|Any CPU
		{31399905-32BE-410A-A35C-8CD528CDE624}.Release|x86.Build.0 = Release|Any CPU
		{8F6E72F3-6E54-440E-B283-05B7F81B11F0}.Debug|Any CPU.ActiveCfg = Debug|Any CPU
		{8F6E72F3-6E54-440E-B283-05B7F81B11F0}.Debug|Any CPU.Build.0 = Debug|Any CPU
		{8F6E72F3-6E54-440E-B283-05B7F81B11F0}.Debug|x64.ActiveCfg = Debug|Any CPU
		{8F6E72F3-6E54-440E-B283-05B7F81B11F0}.Debug|x64.Build.0 = Debug|Any CPU
		{8F6E72F3-6E54-440E-B283-05B7F81B11F0}.Debug|x86.ActiveCfg = Debug|Any CPU
		{8F6E72F3-6E54-440E-B283-05B7F81B11F0}.Debug|x86.Build.0 = Debug|Any CPU
		{8F6E72F3-6E54-440E-B283-05B7F81B11F0}.Release|Any CPU.ActiveCfg = Release|Any CPU
		{8F6E72F3-6E54-440E-B283-05B7F81B11F0}.Release|Any CPU.Build.0 = Release|Any CPU
		{8F6E72F3-6E54-440E-B283-05B7F81B11F0}.Release|x64.ActiveCfg = Release|Any CPU
		{8F6E72F3-6E54-440E-B283-05B7F81B11F0}.Release|x64.Build.0 = Release|Any CPU
		{8F6E72F3-6E54-440E-B283-05B7F81B11F0}.Release|x86.ActiveCfg = Release|Any CPU
		{8F6E72F3-6E54-440E-B283-05B7F81B11F0}.Release|x86.Build.0 = Release|Any CPU
		{551FD8BD-D97A-4900-AE4A-5FE7A900E27B}.Debug|Any CPU.ActiveCfg = Debug|Any CPU
		{551FD8BD-D97A-4900-AE4A-5FE7A900E27B}.Debug|Any CPU.Build.0 = Debug|Any CPU
		{551FD8BD-D97A-4900-AE4A-5FE7A900E27B}.Debug|x64.ActiveCfg = Debug|Any CPU
		{551FD8BD-D97A-4900-AE4A-5FE7A900E27B}.Debug|x64.Build.0 = Debug|Any CPU
		{551FD8BD-D97A-4900-AE4A-5FE7A900E27B}.Debug|x86.ActiveCfg = Debug|Any CPU
		{551FD8BD-D97A-4900-AE4A-5FE7A900E27B}.Debug|x86.Build.0 = Debug|Any CPU
		{551FD8BD-D97A-4900-AE4A-5FE7A900E27B}.Release|Any CPU.ActiveCfg = Release|Any CPU
		{551FD8BD-D97A-4900-AE4A-5FE7A900E27B}.Release|Any CPU.Build.0 = Release|Any CPU
		{551FD8BD-D97A-4900-AE4A-5FE7A900E27B}.Release|x64.ActiveCfg = Release|Any CPU
		{551FD8BD-D97A-4900-AE4A-5FE7A900E27B}.Release|x64.Build.0 = Release|Any CPU
		{551FD8BD-D97A-4900-AE4A-5FE7A900E27B}.Release|x86.ActiveCfg = Release|Any CPU
		{551FD8BD-D97A-4900-AE4A-5FE7A900E27B}.Release|x86.Build.0 = Release|Any CPU
		{B8A6C436-5FE0-45BF-813C-1C8EC8739921}.Debug|Any CPU.ActiveCfg = Debug|Any CPU
		{B8A6C436-5FE0-45BF-813C-1C8EC8739921}.Debug|Any CPU.Build.0 = Debug|Any CPU
		{B8A6C436-5FE0-45BF-813C-1C8EC8739921}.Debug|x64.ActiveCfg = Debug|Any CPU
		{B8A6C436-5FE0-45BF-813C-1C8EC8739921}.Debug|x64.Build.0 = Debug|Any CPU
		{B8A6C436-5FE0-45BF-813C-1C8EC8739921}.Debug|x86.ActiveCfg = Debug|Any CPU
		{B8A6C436-5FE0-45BF-813C-1C8EC8739921}.Debug|x86.Build.0 = Debug|Any CPU
		{B8A6C436-5FE0-45BF-813C-1C8EC8739921}.Release|Any CPU.ActiveCfg = Release|Any CPU
		{B8A6C436-5FE0-45BF-813C-1C8EC8739921}.Release|Any CPU.Build.0 = Release|Any CPU
		{B8A6C436-5FE0-45BF-813C-1C8EC8739921}.Release|x64.ActiveCfg = Release|Any CPU
		{B8A6C436-5FE0-45BF-813C-1C8EC8739921}.Release|x64.Build.0 = Release|Any CPU
		{B8A6C436-5FE0-45BF-813C-1C8EC8739921}.Release|x86.ActiveCfg = Release|Any CPU
		{B8A6C436-5FE0-45BF-813C-1C8EC8739921}.Release|x86.Build.0 = Release|Any CPU
		{78D08BF4-E021-4631-89C3-8EA62FEB63CC}.Debug|Any CPU.ActiveCfg = Debug|Any CPU
		{78D08BF4-E021-4631-89C3-8EA62FEB63CC}.Debug|Any CPU.Build.0 = Debug|Any CPU
		{78D08BF4-E021-4631-89C3-8EA62FEB63CC}.Debug|x64.ActiveCfg = Debug|Any CPU
		{78D08BF4-E021-4631-89C3-8EA62FEB63CC}.Debug|x64.Build.0 = Debug|Any CPU
		{78D08BF4-E021-4631-89C3-8EA62FEB63CC}.Debug|x86.ActiveCfg = Debug|Any CPU
		{78D08BF4-E021-4631-89C3-8EA62FEB63CC}.Debug|x86.Build.0 = Debug|Any CPU
		{78D08BF4-E021-4631-89C3-8EA62FEB63CC}.Release|Any CPU.ActiveCfg = Release|Any CPU
		{78D08BF4-E021-4631-89C3-8EA62FEB63CC}.Release|Any CPU.Build.0 = Release|Any CPU
		{78D08BF4-E021-4631-89C3-8EA62FEB63CC}.Release|x64.ActiveCfg = Release|Any CPU
		{78D08BF4-E021-4631-89C3-8EA62FEB63CC}.Release|x64.Build.0 = Release|Any CPU
		{78D08BF4-E021-4631-89C3-8EA62FEB63CC}.Release|x86.ActiveCfg = Release|Any CPU
		{78D08BF4-E021-4631-89C3-8EA62FEB63CC}.Release|x86.Build.0 = Release|Any CPU
		{9143C91E-FD33-4577-9C73-74FDDAED04E0}.Debug|Any CPU.ActiveCfg = Debug|Any CPU
		{9143C91E-FD33-4577-9C73-74FDDAED04E0}.Debug|Any CPU.Build.0 = Debug|Any CPU
		{9143C91E-FD33-4577-9C73-74FDDAED04E0}.Debug|x64.ActiveCfg = Debug|Any CPU
		{9143C91E-FD33-4577-9C73-74FDDAED04E0}.Debug|x64.Build.0 = Debug|Any CPU
		{9143C91E-FD33-4577-9C73-74FDDAED04E0}.Debug|x86.ActiveCfg = Debug|Any CPU
		{9143C91E-FD33-4577-9C73-74FDDAED04E0}.Debug|x86.Build.0 = Debug|Any CPU
		{9143C91E-FD33-4577-9C73-74FDDAED04E0}.Release|Any CPU.ActiveCfg = Release|Any CPU
		{9143C91E-FD33-4577-9C73-74FDDAED04E0}.Release|Any CPU.Build.0 = Release|Any CPU
		{9143C91E-FD33-4577-9C73-74FDDAED04E0}.Release|x64.ActiveCfg = Release|Any CPU
		{9143C91E-FD33-4577-9C73-74FDDAED04E0}.Release|x64.Build.0 = Release|Any CPU
		{9143C91E-FD33-4577-9C73-74FDDAED04E0}.Release|x86.ActiveCfg = Release|Any CPU
		{9143C91E-FD33-4577-9C73-74FDDAED04E0}.Release|x86.Build.0 = Release|Any CPU
		{E9E9B9C2-0648-4E61-AEBB-F7A47BD07AEB}.Debug|Any CPU.ActiveCfg = Debug|Any CPU
		{E9E9B9C2-0648-4E61-AEBB-F7A47BD07AEB}.Debug|Any CPU.Build.0 = Debug|Any CPU
		{E9E9B9C2-0648-4E61-AEBB-F7A47BD07AEB}.Debug|x64.ActiveCfg = Debug|Any CPU
		{E9E9B9C2-0648-4E61-AEBB-F7A47BD07AEB}.Debug|x64.Build.0 = Debug|Any CPU
		{E9E9B9C2-0648-4E61-AEBB-F7A47BD07AEB}.Debug|x86.ActiveCfg = Debug|Any CPU
		{E9E9B9C2-0648-4E61-AEBB-F7A47BD07AEB}.Debug|x86.Build.0 = Debug|Any CPU
		{E9E9B9C2-0648-4E61-AEBB-F7A47BD07AEB}.Release|Any CPU.ActiveCfg = Release|Any CPU
		{E9E9B9C2-0648-4E61-AEBB-F7A47BD07AEB}.Release|Any CPU.Build.0 = Release|Any CPU
		{E9E9B9C2-0648-4E61-AEBB-F7A47BD07AEB}.Release|x64.ActiveCfg = Release|Any CPU
		{E9E9B9C2-0648-4E61-AEBB-F7A47BD07AEB}.Release|x64.Build.0 = Release|Any CPU
		{E9E9B9C2-0648-4E61-AEBB-F7A47BD07AEB}.Release|x86.ActiveCfg = Release|Any CPU
		{E9E9B9C2-0648-4E61-AEBB-F7A47BD07AEB}.Release|x86.Build.0 = Release|Any CPU
		{C0D1C6B0-608D-4EAD-BD4A-8A28E79B9DB8}.Debug|Any CPU.ActiveCfg = Debug|Any CPU
		{C0D1C6B0-608D-4EAD-BD4A-8A28E79B9DB8}.Debug|Any CPU.Build.0 = Debug|Any CPU
		{C0D1C6B0-608D-4EAD-BD4A-8A28E79B9DB8}.Debug|x64.ActiveCfg = Debug|Any CPU
		{C0D1C6B0-608D-4EAD-BD4A-8A28E79B9DB8}.Debug|x64.Build.0 = Debug|Any CPU
		{C0D1C6B0-608D-4EAD-BD4A-8A28E79B9DB8}.Debug|x86.ActiveCfg = Debug|Any CPU
		{C0D1C6B0-608D-4EAD-BD4A-8A28E79B9DB8}.Debug|x86.Build.0 = Debug|Any CPU
		{C0D1C6B0-608D-4EAD-BD4A-8A28E79B9DB8}.Release|Any CPU.ActiveCfg = Release|Any CPU
		{C0D1C6B0-608D-4EAD-BD4A-8A28E79B9DB8}.Release|Any CPU.Build.0 = Release|Any CPU
		{C0D1C6B0-608D-4EAD-BD4A-8A28E79B9DB8}.Release|x64.ActiveCfg = Release|Any CPU
		{C0D1C6B0-608D-4EAD-BD4A-8A28E79B9DB8}.Release|x64.Build.0 = Release|Any CPU
		{C0D1C6B0-608D-4EAD-BD4A-8A28E79B9DB8}.Release|x86.ActiveCfg = Release|Any CPU
		{C0D1C6B0-608D-4EAD-BD4A-8A28E79B9DB8}.Release|x86.Build.0 = Release|Any CPU
		{51D8D60D-AE5C-47B9-BC87-3F74A526E3A5}.Debug|Any CPU.ActiveCfg = Debug|Any CPU
		{51D8D60D-AE5C-47B9-BC87-3F74A526E3A5}.Debug|Any CPU.Build.0 = Debug|Any CPU
		{51D8D60D-AE5C-47B9-BC87-3F74A526E3A5}.Debug|x64.ActiveCfg = Debug|Any CPU
		{51D8D60D-AE5C-47B9-BC87-3F74A526E3A5}.Debug|x64.Build.0 = Debug|Any CPU
		{51D8D60D-AE5C-47B9-BC87-3F74A526E3A5}.Debug|x86.ActiveCfg = Debug|Any CPU
		{51D8D60D-AE5C-47B9-BC87-3F74A526E3A5}.Debug|x86.Build.0 = Debug|Any CPU
		{51D8D60D-AE5C-47B9-BC87-3F74A526E3A5}.Release|Any CPU.ActiveCfg = Release|Any CPU
		{51D8D60D-AE5C-47B9-BC87-3F74A526E3A5}.Release|Any CPU.Build.0 = Release|Any CPU
		{51D8D60D-AE5C-47B9-BC87-3F74A526E3A5}.Release|x64.ActiveCfg = Release|Any CPU
		{51D8D60D-AE5C-47B9-BC87-3F74A526E3A5}.Release|x64.Build.0 = Release|Any CPU
		{51D8D60D-AE5C-47B9-BC87-3F74A526E3A5}.Release|x86.ActiveCfg = Release|Any CPU
		{51D8D60D-AE5C-47B9-BC87-3F74A526E3A5}.Release|x86.Build.0 = Release|Any CPU
		{1AA7C4B4-5B93-476E-A239-55E725AD1C36}.Debug|Any CPU.ActiveCfg = Debug|Any CPU
		{1AA7C4B4-5B93-476E-A239-55E725AD1C36}.Debug|Any CPU.Build.0 = Debug|Any CPU
		{1AA7C4B4-5B93-476E-A239-55E725AD1C36}.Debug|x64.ActiveCfg = Debug|Any CPU
		{1AA7C4B4-5B93-476E-A239-55E725AD1C36}.Debug|x64.Build.0 = Debug|Any CPU
		{1AA7C4B4-5B93-476E-A239-55E725AD1C36}.Debug|x86.ActiveCfg = Debug|Any CPU
		{1AA7C4B4-5B93-476E-A239-55E725AD1C36}.Debug|x86.Build.0 = Debug|Any CPU
		{1AA7C4B4-5B93-476E-A239-55E725AD1C36}.Release|Any CPU.ActiveCfg = Release|Any CPU
		{1AA7C4B4-5B93-476E-A239-55E725AD1C36}.Release|Any CPU.Build.0 = Release|Any CPU
		{1AA7C4B4-5B93-476E-A239-55E725AD1C36}.Release|x64.ActiveCfg = Release|Any CPU
		{1AA7C4B4-5B93-476E-A239-55E725AD1C36}.Release|x64.Build.0 = Release|Any CPU
		{1AA7C4B4-5B93-476E-A239-55E725AD1C36}.Release|x86.ActiveCfg = Release|Any CPU
		{1AA7C4B4-5B93-476E-A239-55E725AD1C36}.Release|x86.Build.0 = Release|Any CPU
		{B3E1AFDB-D682-4FEA-8D37-B814CC8D3D66}.Debug|Any CPU.ActiveCfg = Debug|Any CPU
		{B3E1AFDB-D682-4FEA-8D37-B814CC8D3D66}.Debug|Any CPU.Build.0 = Debug|Any CPU
		{B3E1AFDB-D682-4FEA-8D37-B814CC8D3D66}.Debug|x64.ActiveCfg = Debug|Any CPU
		{B3E1AFDB-D682-4FEA-8D37-B814CC8D3D66}.Debug|x64.Build.0 = Debug|Any CPU
		{B3E1AFDB-D682-4FEA-8D37-B814CC8D3D66}.Debug|x86.ActiveCfg = Debug|Any CPU
		{B3E1AFDB-D682-4FEA-8D37-B814CC8D3D66}.Debug|x86.Build.0 = Debug|Any CPU
		{B3E1AFDB-D682-4FEA-8D37-B814CC8D3D66}.Release|Any CPU.ActiveCfg = Release|Any CPU
		{B3E1AFDB-D682-4FEA-8D37-B814CC8D3D66}.Release|Any CPU.Build.0 = Release|Any CPU
		{B3E1AFDB-D682-4FEA-8D37-B814CC8D3D66}.Release|x64.ActiveCfg = Release|Any CPU
		{B3E1AFDB-D682-4FEA-8D37-B814CC8D3D66}.Release|x64.Build.0 = Release|Any CPU
		{B3E1AFDB-D682-4FEA-8D37-B814CC8D3D66}.Release|x86.ActiveCfg = Release|Any CPU
		{B3E1AFDB-D682-4FEA-8D37-B814CC8D3D66}.Release|x86.Build.0 = Release|Any CPU
		{83AA9FC0-6046-40E2-BDD7-5A5927894CA6}.Debug|Any CPU.ActiveCfg = Debug|Any CPU
		{83AA9FC0-6046-40E2-BDD7-5A5927894CA6}.Debug|Any CPU.Build.0 = Debug|Any CPU
		{83AA9FC0-6046-40E2-BDD7-5A5927894CA6}.Debug|x64.ActiveCfg = Debug|Any CPU
		{83AA9FC0-6046-40E2-BDD7-5A5927894CA6}.Debug|x64.Build.0 = Debug|Any CPU
		{83AA9FC0-6046-40E2-BDD7-5A5927894CA6}.Debug|x86.ActiveCfg = Debug|Any CPU
		{83AA9FC0-6046-40E2-BDD7-5A5927894CA6}.Debug|x86.Build.0 = Debug|Any CPU
		{83AA9FC0-6046-40E2-BDD7-5A5927894CA6}.Release|Any CPU.ActiveCfg = Release|Any CPU
		{83AA9FC0-6046-40E2-BDD7-5A5927894CA6}.Release|Any CPU.Build.0 = Release|Any CPU
		{83AA9FC0-6046-40E2-BDD7-5A5927894CA6}.Release|x64.ActiveCfg = Release|Any CPU
		{83AA9FC0-6046-40E2-BDD7-5A5927894CA6}.Release|x64.Build.0 = Release|Any CPU
		{83AA9FC0-6046-40E2-BDD7-5A5927894CA6}.Release|x86.ActiveCfg = Release|Any CPU
		{83AA9FC0-6046-40E2-BDD7-5A5927894CA6}.Release|x86.Build.0 = Release|Any CPU
		{4D47BFA4-5FFA-4398-A0F2-B61ADC8756BC}.Debug|Any CPU.ActiveCfg = Debug|Any CPU
		{4D47BFA4-5FFA-4398-A0F2-B61ADC8756BC}.Debug|Any CPU.Build.0 = Debug|Any CPU
		{4D47BFA4-5FFA-4398-A0F2-B61ADC8756BC}.Debug|x64.ActiveCfg = Debug|Any CPU
		{4D47BFA4-5FFA-4398-A0F2-B61ADC8756BC}.Debug|x64.Build.0 = Debug|Any CPU
		{4D47BFA4-5FFA-4398-A0F2-B61ADC8756BC}.Debug|x86.ActiveCfg = Debug|Any CPU
		{4D47BFA4-5FFA-4398-A0F2-B61ADC8756BC}.Debug|x86.Build.0 = Debug|Any CPU
		{4D47BFA4-5FFA-4398-A0F2-B61ADC8756BC}.Release|Any CPU.ActiveCfg = Release|Any CPU
		{4D47BFA4-5FFA-4398-A0F2-B61ADC8756BC}.Release|Any CPU.Build.0 = Release|Any CPU
		{4D47BFA4-5FFA-4398-A0F2-B61ADC8756BC}.Release|x64.ActiveCfg = Release|Any CPU
		{4D47BFA4-5FFA-4398-A0F2-B61ADC8756BC}.Release|x64.Build.0 = Release|Any CPU
		{4D47BFA4-5FFA-4398-A0F2-B61ADC8756BC}.Release|x86.ActiveCfg = Release|Any CPU
		{4D47BFA4-5FFA-4398-A0F2-B61ADC8756BC}.Release|x86.Build.0 = Release|Any CPU
		{5A0DFAB9-44B6-47A3-8F82-E62C270571B7}.Debug|Any CPU.ActiveCfg = Debug|Any CPU
		{5A0DFAB9-44B6-47A3-8F82-E62C270571B7}.Debug|Any CPU.Build.0 = Debug|Any CPU
		{5A0DFAB9-44B6-47A3-8F82-E62C270571B7}.Debug|x64.ActiveCfg = Debug|Any CPU
		{5A0DFAB9-44B6-47A3-8F82-E62C270571B7}.Debug|x64.Build.0 = Debug|Any CPU
		{5A0DFAB9-44B6-47A3-8F82-E62C270571B7}.Debug|x86.ActiveCfg = Debug|Any CPU
		{5A0DFAB9-44B6-47A3-8F82-E62C270571B7}.Debug|x86.Build.0 = Debug|Any CPU
		{5A0DFAB9-44B6-47A3-8F82-E62C270571B7}.Release|Any CPU.ActiveCfg = Release|Any CPU
		{5A0DFAB9-44B6-47A3-8F82-E62C270571B7}.Release|Any CPU.Build.0 = Release|Any CPU
		{5A0DFAB9-44B6-47A3-8F82-E62C270571B7}.Release|x64.ActiveCfg = Release|Any CPU
		{5A0DFAB9-44B6-47A3-8F82-E62C270571B7}.Release|x64.Build.0 = Release|Any CPU
		{5A0DFAB9-44B6-47A3-8F82-E62C270571B7}.Release|x86.ActiveCfg = Release|Any CPU
		{5A0DFAB9-44B6-47A3-8F82-E62C270571B7}.Release|x86.Build.0 = Release|Any CPU
		{94056122-1289-4058-8C79-0C226CA86D12}.Debug|Any CPU.ActiveCfg = Debug|Any CPU
		{94056122-1289-4058-8C79-0C226CA86D12}.Debug|Any CPU.Build.0 = Debug|Any CPU
		{94056122-1289-4058-8C79-0C226CA86D12}.Debug|x64.ActiveCfg = Debug|Any CPU
		{94056122-1289-4058-8C79-0C226CA86D12}.Debug|x64.Build.0 = Debug|Any CPU
		{94056122-1289-4058-8C79-0C226CA86D12}.Debug|x86.ActiveCfg = Debug|Any CPU
		{94056122-1289-4058-8C79-0C226CA86D12}.Debug|x86.Build.0 = Debug|Any CPU
		{94056122-1289-4058-8C79-0C226CA86D12}.Release|Any CPU.ActiveCfg = Release|Any CPU
		{94056122-1289-4058-8C79-0C226CA86D12}.Release|Any CPU.Build.0 = Release|Any CPU
		{94056122-1289-4058-8C79-0C226CA86D12}.Release|x64.ActiveCfg = Release|Any CPU
		{94056122-1289-4058-8C79-0C226CA86D12}.Release|x64.Build.0 = Release|Any CPU
		{94056122-1289-4058-8C79-0C226CA86D12}.Release|x86.ActiveCfg = Release|Any CPU
		{94056122-1289-4058-8C79-0C226CA86D12}.Release|x86.Build.0 = Release|Any CPU
		{6C1A1F3A-4CB9-4350-A6B8-94D8E2353C4F}.Debug|Any CPU.ActiveCfg = Debug|Any CPU
		{6C1A1F3A-4CB9-4350-A6B8-94D8E2353C4F}.Debug|Any CPU.Build.0 = Debug|Any CPU
		{6C1A1F3A-4CB9-4350-A6B8-94D8E2353C4F}.Debug|x64.ActiveCfg = Debug|Any CPU
		{6C1A1F3A-4CB9-4350-A6B8-94D8E2353C4F}.Debug|x64.Build.0 = Debug|Any CPU
		{6C1A1F3A-4CB9-4350-A6B8-94D8E2353C4F}.Debug|x86.ActiveCfg = Debug|Any CPU
		{6C1A1F3A-4CB9-4350-A6B8-94D8E2353C4F}.Debug|x86.Build.0 = Debug|Any CPU
		{6C1A1F3A-4CB9-4350-A6B8-94D8E2353C4F}.Release|Any CPU.ActiveCfg = Release|Any CPU
		{6C1A1F3A-4CB9-4350-A6B8-94D8E2353C4F}.Release|Any CPU.Build.0 = Release|Any CPU
		{6C1A1F3A-4CB9-4350-A6B8-94D8E2353C4F}.Release|x64.ActiveCfg = Release|Any CPU
		{6C1A1F3A-4CB9-4350-A6B8-94D8E2353C4F}.Release|x64.Build.0 = Release|Any CPU
		{6C1A1F3A-4CB9-4350-A6B8-94D8E2353C4F}.Release|x86.ActiveCfg = Release|Any CPU
		{6C1A1F3A-4CB9-4350-A6B8-94D8E2353C4F}.Release|x86.Build.0 = Release|Any CPU
		{B840ED43-1AF4-4FF4-9001-CD1C47204AF8}.Debug|Any CPU.ActiveCfg = Debug|Any CPU
		{B840ED43-1AF4-4FF4-9001-CD1C47204AF8}.Debug|Any CPU.Build.0 = Debug|Any CPU
		{B840ED43-1AF4-4FF4-9001-CD1C47204AF8}.Debug|x64.ActiveCfg = Debug|Any CPU
		{B840ED43-1AF4-4FF4-9001-CD1C47204AF8}.Debug|x64.Build.0 = Debug|Any CPU
		{B840ED43-1AF4-4FF4-9001-CD1C47204AF8}.Debug|x86.ActiveCfg = Debug|Any CPU
		{B840ED43-1AF4-4FF4-9001-CD1C47204AF8}.Debug|x86.Build.0 = Debug|Any CPU
		{B840ED43-1AF4-4FF4-9001-CD1C47204AF8}.Release|Any CPU.ActiveCfg = Release|Any CPU
		{B840ED43-1AF4-4FF4-9001-CD1C47204AF8}.Release|Any CPU.Build.0 = Release|Any CPU
		{B840ED43-1AF4-4FF4-9001-CD1C47204AF8}.Release|x64.ActiveCfg = Release|Any CPU
		{B840ED43-1AF4-4FF4-9001-CD1C47204AF8}.Release|x64.Build.0 = Release|Any CPU
		{B840ED43-1AF4-4FF4-9001-CD1C47204AF8}.Release|x86.ActiveCfg = Release|Any CPU
		{B840ED43-1AF4-4FF4-9001-CD1C47204AF8}.Release|x86.Build.0 = Release|Any CPU
		{9C4CAE18-D083-4C50-81C6-A17873F8E746}.Debug|Any CPU.ActiveCfg = Debug|Any CPU
		{9C4CAE18-D083-4C50-81C6-A17873F8E746}.Debug|Any CPU.Build.0 = Debug|Any CPU
		{9C4CAE18-D083-4C50-81C6-A17873F8E746}.Debug|x64.ActiveCfg = Debug|Any CPU
		{9C4CAE18-D083-4C50-81C6-A17873F8E746}.Debug|x64.Build.0 = Debug|Any CPU
		{9C4CAE18-D083-4C50-81C6-A17873F8E746}.Debug|x86.ActiveCfg = Debug|Any CPU
		{9C4CAE18-D083-4C50-81C6-A17873F8E746}.Debug|x86.Build.0 = Debug|Any CPU
		{9C4CAE18-D083-4C50-81C6-A17873F8E746}.Release|Any CPU.ActiveCfg = Release|Any CPU
		{9C4CAE18-D083-4C50-81C6-A17873F8E746}.Release|Any CPU.Build.0 = Release|Any CPU
		{9C4CAE18-D083-4C50-81C6-A17873F8E746}.Release|x64.ActiveCfg = Release|Any CPU
		{9C4CAE18-D083-4C50-81C6-A17873F8E746}.Release|x64.Build.0 = Release|Any CPU
		{9C4CAE18-D083-4C50-81C6-A17873F8E746}.Release|x86.ActiveCfg = Release|Any CPU
		{9C4CAE18-D083-4C50-81C6-A17873F8E746}.Release|x86.Build.0 = Release|Any CPU
		{8ABF8F20-EC04-48AE-AB08-E1AA52F5EB93}.Debug|Any CPU.ActiveCfg = Debug|Any CPU
		{8ABF8F20-EC04-48AE-AB08-E1AA52F5EB93}.Debug|Any CPU.Build.0 = Debug|Any CPU
		{8ABF8F20-EC04-48AE-AB08-E1AA52F5EB93}.Debug|x64.ActiveCfg = Debug|Any CPU
		{8ABF8F20-EC04-48AE-AB08-E1AA52F5EB93}.Debug|x64.Build.0 = Debug|Any CPU
		{8ABF8F20-EC04-48AE-AB08-E1AA52F5EB93}.Debug|x86.ActiveCfg = Debug|Any CPU
		{8ABF8F20-EC04-48AE-AB08-E1AA52F5EB93}.Debug|x86.Build.0 = Debug|Any CPU
		{8ABF8F20-EC04-48AE-AB08-E1AA52F5EB93}.Release|Any CPU.ActiveCfg = Release|Any CPU
		{8ABF8F20-EC04-48AE-AB08-E1AA52F5EB93}.Release|Any CPU.Build.0 = Release|Any CPU
		{8ABF8F20-EC04-48AE-AB08-E1AA52F5EB93}.Release|x64.ActiveCfg = Release|Any CPU
		{8ABF8F20-EC04-48AE-AB08-E1AA52F5EB93}.Release|x64.Build.0 = Release|Any CPU
		{8ABF8F20-EC04-48AE-AB08-E1AA52F5EB93}.Release|x86.ActiveCfg = Release|Any CPU
		{8ABF8F20-EC04-48AE-AB08-E1AA52F5EB93}.Release|x86.Build.0 = Release|Any CPU
		{86EE7CAC-97FE-45EE-BFE3-11621534CDEA}.Debug|Any CPU.ActiveCfg = Debug|Any CPU
		{86EE7CAC-97FE-45EE-BFE3-11621534CDEA}.Debug|Any CPU.Build.0 = Debug|Any CPU
		{86EE7CAC-97FE-45EE-BFE3-11621534CDEA}.Debug|x64.ActiveCfg = Debug|Any CPU
		{86EE7CAC-97FE-45EE-BFE3-11621534CDEA}.Debug|x64.Build.0 = Debug|Any CPU
		{86EE7CAC-97FE-45EE-BFE3-11621534CDEA}.Debug|x86.ActiveCfg = Debug|Any CPU
		{86EE7CAC-97FE-45EE-BFE3-11621534CDEA}.Debug|x86.Build.0 = Debug|Any CPU
		{86EE7CAC-97FE-45EE-BFE3-11621534CDEA}.Release|Any CPU.ActiveCfg = Release|Any CPU
		{86EE7CAC-97FE-45EE-BFE3-11621534CDEA}.Release|Any CPU.Build.0 = Release|Any CPU
		{86EE7CAC-97FE-45EE-BFE3-11621534CDEA}.Release|x64.ActiveCfg = Release|Any CPU
		{86EE7CAC-97FE-45EE-BFE3-11621534CDEA}.Release|x64.Build.0 = Release|Any CPU
		{86EE7CAC-97FE-45EE-BFE3-11621534CDEA}.Release|x86.ActiveCfg = Release|Any CPU
		{86EE7CAC-97FE-45EE-BFE3-11621534CDEA}.Release|x86.Build.0 = Release|Any CPU
		{6646E157-5035-4A20-9438-695338265444}.Debug|Any CPU.ActiveCfg = Debug|Any CPU
		{6646E157-5035-4A20-9438-695338265444}.Debug|Any CPU.Build.0 = Debug|Any CPU
		{6646E157-5035-4A20-9438-695338265444}.Debug|x64.ActiveCfg = Debug|Any CPU
		{6646E157-5035-4A20-9438-695338265444}.Debug|x64.Build.0 = Debug|Any CPU
		{6646E157-5035-4A20-9438-695338265444}.Debug|x86.ActiveCfg = Debug|Any CPU
		{6646E157-5035-4A20-9438-695338265444}.Debug|x86.Build.0 = Debug|Any CPU
		{6646E157-5035-4A20-9438-695338265444}.Release|Any CPU.ActiveCfg = Release|Any CPU
		{6646E157-5035-4A20-9438-695338265444}.Release|Any CPU.Build.0 = Release|Any CPU
		{6646E157-5035-4A20-9438-695338265444}.Release|x64.ActiveCfg = Release|Any CPU
		{6646E157-5035-4A20-9438-695338265444}.Release|x64.Build.0 = Release|Any CPU
		{6646E157-5035-4A20-9438-695338265444}.Release|x86.ActiveCfg = Release|Any CPU
		{6646E157-5035-4A20-9438-695338265444}.Release|x86.Build.0 = Release|Any CPU
		{525E13C9-F3A5-4D0D-AC0D-6D8D3E53B5F3}.Debug|Any CPU.ActiveCfg = Debug|Any CPU
		{525E13C9-F3A5-4D0D-AC0D-6D8D3E53B5F3}.Debug|Any CPU.Build.0 = Debug|Any CPU
		{525E13C9-F3A5-4D0D-AC0D-6D8D3E53B5F3}.Debug|x64.ActiveCfg = Debug|Any CPU
		{525E13C9-F3A5-4D0D-AC0D-6D8D3E53B5F3}.Debug|x64.Build.0 = Debug|Any CPU
		{525E13C9-F3A5-4D0D-AC0D-6D8D3E53B5F3}.Debug|x86.ActiveCfg = Debug|Any CPU
		{525E13C9-F3A5-4D0D-AC0D-6D8D3E53B5F3}.Debug|x86.Build.0 = Debug|Any CPU
		{525E13C9-F3A5-4D0D-AC0D-6D8D3E53B5F3}.Release|Any CPU.ActiveCfg = Release|Any CPU
		{525E13C9-F3A5-4D0D-AC0D-6D8D3E53B5F3}.Release|Any CPU.Build.0 = Release|Any CPU
		{525E13C9-F3A5-4D0D-AC0D-6D8D3E53B5F3}.Release|x64.ActiveCfg = Release|Any CPU
		{525E13C9-F3A5-4D0D-AC0D-6D8D3E53B5F3}.Release|x64.Build.0 = Release|Any CPU
		{525E13C9-F3A5-4D0D-AC0D-6D8D3E53B5F3}.Release|x86.ActiveCfg = Release|Any CPU
		{525E13C9-F3A5-4D0D-AC0D-6D8D3E53B5F3}.Release|x86.Build.0 = Release|Any CPU
		{B3C61E16-A743-4F44-AD2B-E16133BE2279}.Debug|Any CPU.ActiveCfg = Debug|Any CPU
		{B3C61E16-A743-4F44-AD2B-E16133BE2279}.Debug|Any CPU.Build.0 = Debug|Any CPU
		{B3C61E16-A743-4F44-AD2B-E16133BE2279}.Debug|x64.ActiveCfg = Debug|Any CPU
		{B3C61E16-A743-4F44-AD2B-E16133BE2279}.Debug|x64.Build.0 = Debug|Any CPU
		{B3C61E16-A743-4F44-AD2B-E16133BE2279}.Debug|x86.ActiveCfg = Debug|Any CPU
		{B3C61E16-A743-4F44-AD2B-E16133BE2279}.Debug|x86.Build.0 = Debug|Any CPU
		{B3C61E16-A743-4F44-AD2B-E16133BE2279}.Release|Any CPU.ActiveCfg = Release|Any CPU
		{B3C61E16-A743-4F44-AD2B-E16133BE2279}.Release|Any CPU.Build.0 = Release|Any CPU
		{B3C61E16-A743-4F44-AD2B-E16133BE2279}.Release|x64.ActiveCfg = Release|Any CPU
		{B3C61E16-A743-4F44-AD2B-E16133BE2279}.Release|x64.Build.0 = Release|Any CPU
		{B3C61E16-A743-4F44-AD2B-E16133BE2279}.Release|x86.ActiveCfg = Release|Any CPU
		{B3C61E16-A743-4F44-AD2B-E16133BE2279}.Release|x86.Build.0 = Release|Any CPU
		{EDCB1B03-D877-4A0D-B552-0A1FEC441906}.Debug|Any CPU.ActiveCfg = Debug|Any CPU
		{EDCB1B03-D877-4A0D-B552-0A1FEC441906}.Debug|Any CPU.Build.0 = Debug|Any CPU
		{EDCB1B03-D877-4A0D-B552-0A1FEC441906}.Debug|x64.ActiveCfg = Debug|Any CPU
		{EDCB1B03-D877-4A0D-B552-0A1FEC441906}.Debug|x64.Build.0 = Debug|Any CPU
		{EDCB1B03-D877-4A0D-B552-0A1FEC441906}.Debug|x86.ActiveCfg = Debug|Any CPU
		{EDCB1B03-D877-4A0D-B552-0A1FEC441906}.Debug|x86.Build.0 = Debug|Any CPU
		{EDCB1B03-D877-4A0D-B552-0A1FEC441906}.Release|Any CPU.ActiveCfg = Release|Any CPU
		{EDCB1B03-D877-4A0D-B552-0A1FEC441906}.Release|Any CPU.Build.0 = Release|Any CPU
		{EDCB1B03-D877-4A0D-B552-0A1FEC441906}.Release|x64.ActiveCfg = Release|Any CPU
		{EDCB1B03-D877-4A0D-B552-0A1FEC441906}.Release|x64.Build.0 = Release|Any CPU
		{EDCB1B03-D877-4A0D-B552-0A1FEC441906}.Release|x86.ActiveCfg = Release|Any CPU
		{EDCB1B03-D877-4A0D-B552-0A1FEC441906}.Release|x86.Build.0 = Release|Any CPU
		{294EC03C-8F5D-4FD7-83AB-309AF967DEFD}.Debug|Any CPU.ActiveCfg = Debug|Any CPU
		{294EC03C-8F5D-4FD7-83AB-309AF967DEFD}.Debug|Any CPU.Build.0 = Debug|Any CPU
		{294EC03C-8F5D-4FD7-83AB-309AF967DEFD}.Debug|x64.ActiveCfg = Debug|Any CPU
		{294EC03C-8F5D-4FD7-83AB-309AF967DEFD}.Debug|x64.Build.0 = Debug|Any CPU
		{294EC03C-8F5D-4FD7-83AB-309AF967DEFD}.Debug|x86.ActiveCfg = Debug|Any CPU
		{294EC03C-8F5D-4FD7-83AB-309AF967DEFD}.Debug|x86.Build.0 = Debug|Any CPU
		{294EC03C-8F5D-4FD7-83AB-309AF967DEFD}.Release|Any CPU.ActiveCfg = Release|Any CPU
		{294EC03C-8F5D-4FD7-83AB-309AF967DEFD}.Release|Any CPU.Build.0 = Release|Any CPU
		{294EC03C-8F5D-4FD7-83AB-309AF967DEFD}.Release|x64.ActiveCfg = Release|Any CPU
		{294EC03C-8F5D-4FD7-83AB-309AF967DEFD}.Release|x64.Build.0 = Release|Any CPU
		{294EC03C-8F5D-4FD7-83AB-309AF967DEFD}.Release|x86.ActiveCfg = Release|Any CPU
		{294EC03C-8F5D-4FD7-83AB-309AF967DEFD}.Release|x86.Build.0 = Release|Any CPU
		{7748259D-01F4-44F1-BD39-E1088662F8EB}.Debug|Any CPU.ActiveCfg = Debug|Any CPU
		{7748259D-01F4-44F1-BD39-E1088662F8EB}.Debug|Any CPU.Build.0 = Debug|Any CPU
		{7748259D-01F4-44F1-BD39-E1088662F8EB}.Debug|x64.ActiveCfg = Debug|Any CPU
		{7748259D-01F4-44F1-BD39-E1088662F8EB}.Debug|x64.Build.0 = Debug|Any CPU
		{7748259D-01F4-44F1-BD39-E1088662F8EB}.Debug|x86.ActiveCfg = Debug|Any CPU
		{7748259D-01F4-44F1-BD39-E1088662F8EB}.Debug|x86.Build.0 = Debug|Any CPU
		{7748259D-01F4-44F1-BD39-E1088662F8EB}.Release|Any CPU.ActiveCfg = Release|Any CPU
		{7748259D-01F4-44F1-BD39-E1088662F8EB}.Release|Any CPU.Build.0 = Release|Any CPU
		{7748259D-01F4-44F1-BD39-E1088662F8EB}.Release|x64.ActiveCfg = Release|Any CPU
		{7748259D-01F4-44F1-BD39-E1088662F8EB}.Release|x64.Build.0 = Release|Any CPU
		{7748259D-01F4-44F1-BD39-E1088662F8EB}.Release|x86.ActiveCfg = Release|Any CPU
		{7748259D-01F4-44F1-BD39-E1088662F8EB}.Release|x86.Build.0 = Release|Any CPU
		{82802347-C130-49C9-AE46-03AD72C1F9DE}.Debug|Any CPU.ActiveCfg = Debug|Any CPU
		{82802347-C130-49C9-AE46-03AD72C1F9DE}.Debug|Any CPU.Build.0 = Debug|Any CPU
		{82802347-C130-49C9-AE46-03AD72C1F9DE}.Debug|x64.ActiveCfg = Debug|Any CPU
		{82802347-C130-49C9-AE46-03AD72C1F9DE}.Debug|x64.Build.0 = Debug|Any CPU
		{82802347-C130-49C9-AE46-03AD72C1F9DE}.Debug|x86.ActiveCfg = Debug|Any CPU
		{82802347-C130-49C9-AE46-03AD72C1F9DE}.Debug|x86.Build.0 = Debug|Any CPU
		{82802347-C130-49C9-AE46-03AD72C1F9DE}.Release|Any CPU.ActiveCfg = Release|Any CPU
		{82802347-C130-49C9-AE46-03AD72C1F9DE}.Release|Any CPU.Build.0 = Release|Any CPU
		{82802347-C130-49C9-AE46-03AD72C1F9DE}.Release|x64.ActiveCfg = Release|Any CPU
		{82802347-C130-49C9-AE46-03AD72C1F9DE}.Release|x64.Build.0 = Release|Any CPU
		{82802347-C130-49C9-AE46-03AD72C1F9DE}.Release|x86.ActiveCfg = Release|Any CPU
		{82802347-C130-49C9-AE46-03AD72C1F9DE}.Release|x86.Build.0 = Release|Any CPU
	EndGlobalSection
	GlobalSection(SolutionProperties) = preSolution
		HideSolutionNode = FALSE
	EndGlobalSection
	GlobalSection(NestedProjects) = preSolution
		{A1338825-EF9B-4304-89BC-30CF4B0F7C03} = {4F52FD11-658E-A102-6CD3-7D7C16FFA15B}
		{965BDAEC-F1E6-4D16-AF43-61EEE5FB6BD4} = {4F52FD11-658E-A102-6CD3-7D7C16FFA15B}
		{8B8DBB11-EB2A-4A0A-A498-781E541D7893} = {4F52FD11-658E-A102-6CD3-7D7C16FFA15B}
		{2818262C-2539-45E9-91A4-D6ADDA574C14} = {4F52FD11-658E-A102-6CD3-7D7C16FFA15B}
		{393B1C5A-3220-414D-9DDB-7A304240C82F} = {4F52FD11-658E-A102-6CD3-7D7C16FFA15B}
		{BA845D06-70E6-4DF7-B72E-EFC2A61B200D} = {4F52FD11-658E-A102-6CD3-7D7C16FFA15B}
		{31399905-32BE-410A-A35C-8CD528CDE624} = {E7BDDBC6-9FD1-D1D7-ACD8-2C4F8E3D2461}
		{8F6E72F3-6E54-440E-B283-05B7F81B11F0} = {E7BDDBC6-9FD1-D1D7-ACD8-2C4F8E3D2461}
		{551FD8BD-D97A-4900-AE4A-5FE7A900E27B} = {E7BDDBC6-9FD1-D1D7-ACD8-2C4F8E3D2461}
		{B8A6C436-5FE0-45BF-813C-1C8EC8739921} = {81267934-4FE5-6C83-B806-5B06E723B05C}
		{78D08BF4-E021-4631-89C3-8EA62FEB63CC} = {81267934-4FE5-6C83-B806-5B06E723B05C}
		{9143C91E-FD33-4577-9C73-74FDDAED04E0} = {81267934-4FE5-6C83-B806-5B06E723B05C}
		{E9E9B9C2-0648-4E61-AEBB-F7A47BD07AEB} = {81267934-4FE5-6C83-B806-5B06E723B05C}
		{C0D1C6B0-608D-4EAD-BD4A-8A28E79B9DB8} = {81267934-4FE5-6C83-B806-5B06E723B05C}
		{51D8D60D-AE5C-47B9-BC87-3F74A526E3A5} = {81267934-4FE5-6C83-B806-5B06E723B05C}
		{1AA7C4B4-5B93-476E-A239-55E725AD1C36} = {81267934-4FE5-6C83-B806-5B06E723B05C}
		{B3E1AFDB-D682-4FEA-8D37-B814CC8D3D66} = {81267934-4FE5-6C83-B806-5B06E723B05C}
		{83AA9FC0-6046-40E2-BDD7-5A5927894CA6} = {81267934-4FE5-6C83-B806-5B06E723B05C}
		{4D47BFA4-5FFA-4398-A0F2-B61ADC8756BC} = {81267934-4FE5-6C83-B806-5B06E723B05C}
		{5A0DFAB9-44B6-47A3-8F82-E62C270571B7} = {81267934-4FE5-6C83-B806-5B06E723B05C}
		{94056122-1289-4058-8C79-0C226CA86D12} = {81267934-4FE5-6C83-B806-5B06E723B05C}
		{6C1A1F3A-4CB9-4350-A6B8-94D8E2353C4F} = {81267934-4FE5-6C83-B806-5B06E723B05C}
		{B840ED43-1AF4-4FF4-9001-CD1C47204AF8} = {81267934-4FE5-6C83-B806-5B06E723B05C}
		{9C4CAE18-D083-4C50-81C6-A17873F8E746} = {81267934-4FE5-6C83-B806-5B06E723B05C}
		{8ABF8F20-EC04-48AE-AB08-E1AA52F5EB93} = {81267934-4FE5-6C83-B806-5B06E723B05C}
		{86EE7CAC-97FE-45EE-BFE3-11621534CDEA} = {81267934-4FE5-6C83-B806-5B06E723B05C}
		{6646E157-5035-4A20-9438-695338265444} = {81267934-4FE5-6C83-B806-5B06E723B05C}
		{525E13C9-F3A5-4D0D-AC0D-6D8D3E53B5F3} = {085B1C63-F7BE-2037-DFB4-AC49B887C3CE}
		{B3C61E16-A743-4F44-AD2B-E16133BE2279} = {78DDA25A-7C38-13C4-DE39-740FEE45D7B1}
		{EDCB1B03-D877-4A0D-B552-0A1FEC441906} = {78DDA25A-7C38-13C4-DE39-740FEE45D7B1}
		{294EC03C-8F5D-4FD7-83AB-309AF967DEFD} = {78DDA25A-7C38-13C4-DE39-740FEE45D7B1}
		{7748259D-01F4-44F1-BD39-E1088662F8EB} = {78DDA25A-7C38-13C4-DE39-740FEE45D7B1}
	EndGlobalSection
EndGlobal
